{
  "version": 4,
  "terraform_version": "1.9.2",
  "serial": 12,
  "lineage": "43b0c3be-2ef8-f31f-e78e-d1ef3e2759a7",
  "outputs": {
    "east_databricks_workspace_name": {
      "value": "dr_test_east_databricks",
      "type": "string"
    },
    "east_dr_sync_container_name": {
      "value": "dr-sync",
      "type": "string"
    },
    "east_external_container_name": {
      "value": "external",
      "type": "string"
    },
    "east_storage_account_name": {
      "value": "eaststorageacct",
      "type": "string"
    },
    "resource_group_east_name": {
      "value": "dr_test_east_us",
      "type": "string"
    }
  },
  "resources": [
    {
      "mode": "managed",
      "type": "azurerm_databricks_access_connector",
      "name": "dr_test_east_connector",
      "provider": "provider[\"registry.terraform.io/hashicorp/azurerm\"]",
      "instances": [
        {
          "schema_version": 0,
          "attributes": {
            "id": "/subscriptions/edd4cc45-85c7-4aec-8bf5-648062d519bf/resourceGroups/dr_test_east_us/providers/Microsoft.Databricks/accessConnectors/dr_test_east_connector",
            "identity": [
              {
                "identity_ids": [],
                "principal_id": "a6d8f09d-2af1-4b59-ad09-0f848f8183c3",
                "tenant_id": "bf465dc7-3bc8-4944-b018-092572b5c20d",
                "type": "SystemAssigned"
              }
            ],
            "location": "eastus",
            "name": "dr_test_east_connector",
            "resource_group_name": "dr_test_east_us",
            "tags": {
              "Owner": "mohit.singh@databricks.com"
            },
            "timeouts": null
          },
          "sensitive_attributes": [],
          "private": "eyJlMmJmYjczMC1lY2FhLTExZTYtOGY4OC0zNDM2M2JjN2M0YzAiOnsiY3JlYXRlIjoxODAwMDAwMDAwMDAwLCJkZWxldGUiOjE4MDAwMDAwMDAwMDAsInJlYWQiOjMwMDAwMDAwMDAwMCwidXBkYXRlIjoxODAwMDAwMDAwMDAwfX0=",
          "dependencies": [
            "azurerm_resource_group.dr_test_east_us"
          ]
        }
      ]
    },
    {
      "mode": "managed",
      "type": "azurerm_resource_group",
      "name": "dr_test_east_us",
      "provider": "provider[\"registry.terraform.io/hashicorp/azurerm\"]",
      "instances": [
        {
          "schema_version": 0,
          "attributes": {
            "id": "/subscriptions/edd4cc45-85c7-4aec-8bf5-648062d519bf/resourceGroups/dr_test_east_us",
            "location": "eastus",
            "managed_by": "",
            "name": "dr_test_east_us",
            "tags": {
              "Owner": "mohit.singh@databricks.com"
            },
            "timeouts": null
          },
          "sensitive_attributes": [],
          "private": "eyJlMmJmYjczMC1lY2FhLTExZTYtOGY4OC0zNDM2M2JjN2M0YzAiOnsiY3JlYXRlIjo1NDAwMDAwMDAwMDAwLCJkZWxldGUiOjU0MDAwMDAwMDAwMDAsInJlYWQiOjMwMDAwMDAwMDAwMCwidXBkYXRlIjo1NDAwMDAwMDAwMDAwfX0="
        }
      ]
    },
    {
      "mode": "managed",
      "type": "azurerm_role_assignment",
      "name": "east_blob_contributor",
      "provider": "provider[\"registry.terraform.io/hashicorp/azurerm\"]",
      "instances": [
        {
          "schema_version": 0,
          "attributes": {
            "condition": "",
            "condition_version": "",
            "delegated_managed_identity_resource_id": "",
            "description": "",
            "id": "/subscriptions/edd4cc45-85c7-4aec-8bf5-648062d519bf/resourceGroups/dr_test_east_us/providers/Microsoft.Storage/storageAccounts/eaststorageacct/providers/Microsoft.Authorization/roleAssignments/c2d25bc4-3255-85bd-8efc-324d50dae81c",
            "name": "c2d25bc4-3255-85bd-8efc-324d50dae81c",
            "principal_id": "a6d8f09d-2af1-4b59-ad09-0f848f8183c3",
            "principal_type": "ServicePrincipal",
            "role_definition_id": "/subscriptions/edd4cc45-85c7-4aec-8bf5-648062d519bf/providers/Microsoft.Authorization/roleDefinitions/ba92f5b4-2d11-453d-a403-e96b0029c9fe",
            "role_definition_name": "Storage Blob Data Contributor",
            "scope": "/subscriptions/edd4cc45-85c7-4aec-8bf5-648062d519bf/resourceGroups/dr_test_east_us/providers/Microsoft.Storage/storageAccounts/eaststorageacct",
            "skip_service_principal_aad_check": null,
            "timeouts": null
          },
          "sensitive_attributes": [],
          "private": "eyJlMmJmYjczMC1lY2FhLTExZTYtOGY4OC0zNDM2M2JjN2M0YzAiOnsiY3JlYXRlIjoxODAwMDAwMDAwMDAwLCJkZWxldGUiOjE4MDAwMDAwMDAwMDAsInJlYWQiOjMwMDAwMDAwMDAwMH19",
          "dependencies": [
            "azurerm_databricks_access_connector.dr_test_east_connector",
            "azurerm_resource_group.dr_test_east_us",
            "azurerm_storage_account.dr_test_east_storage"
          ]
        }
      ]
    },
    {
      "mode": "managed",
      "type": "azurerm_role_assignment",
      "name": "east_queue_contributor",
      "provider": "provider[\"registry.terraform.io/hashicorp/azurerm\"]",
      "instances": [
        {
          "schema_version": 0,
          "attributes": {
            "condition": "",
            "condition_version": "",
            "delegated_managed_identity_resource_id": "",
            "description": "",
            "id": "/subscriptions/edd4cc45-85c7-4aec-8bf5-648062d519bf/resourceGroups/dr_test_east_us/providers/Microsoft.Storage/storageAccounts/eaststorageacct/providers/Microsoft.Authorization/roleAssignments/2cec9114-1d8c-394b-c3c2-15fa60de9f00",
            "name": "2cec9114-1d8c-394b-c3c2-15fa60de9f00",
            "principal_id": "a6d8f09d-2af1-4b59-ad09-0f848f8183c3",
            "principal_type": "ServicePrincipal",
            "role_definition_id": "/subscriptions/edd4cc45-85c7-4aec-8bf5-648062d519bf/providers/Microsoft.Authorization/roleDefinitions/974c5e8b-45b9-4653-ba55-5f855dd0fb88",
            "role_definition_name": "Storage Queue Data Contributor",
            "scope": "/subscriptions/edd4cc45-85c7-4aec-8bf5-648062d519bf/resourceGroups/dr_test_east_us/providers/Microsoft.Storage/storageAccounts/eaststorageacct",
            "skip_service_principal_aad_check": null,
            "timeouts": null
          },
          "sensitive_attributes": [],
          "private": "eyJlMmJmYjczMC1lY2FhLTExZTYtOGY4OC0zNDM2M2JjN2M0YzAiOnsiY3JlYXRlIjoxODAwMDAwMDAwMDAwLCJkZWxldGUiOjE4MDAwMDAwMDAwMDAsInJlYWQiOjMwMDAwMDAwMDAwMH19",
          "dependencies": [
            "azurerm_databricks_access_connector.dr_test_east_connector",
            "azurerm_resource_group.dr_test_east_us",
            "azurerm_storage_account.dr_test_east_storage"
          ]
        }
      ]
    },
    {
      "mode": "managed",
      "type": "azurerm_storage_account",
      "name": "dr_test_east_storage",
      "provider": "provider[\"registry.terraform.io/hashicorp/azurerm\"]",
      "instances": [
        {
          "schema_version": 4,
          "attributes": {
            "access_tier": "Hot",
            "account_kind": "StorageV2",
            "account_replication_type": "LRS",
            "account_tier": "Standard",
            "allow_nested_items_to_be_public": true,
            "allowed_copy_scope": "",
            "azure_files_authentication": [],
            "blob_properties": [
              {
                "change_feed_enabled": false,
                "change_feed_retention_in_days": 0,
                "container_delete_retention_policy": [],
                "cors_rule": [],
                "default_service_version": "",
                "delete_retention_policy": [],
                "last_access_time_enabled": false,
                "restore_policy": [],
                "versioning_enabled": false
              }
            ],
            "cross_tenant_replication_enabled": true,
            "custom_domain": [],
            "customer_managed_key": [],
            "default_to_oauth_authentication": false,
            "dns_endpoint_type": "Standard",
            "edge_zone": "",
            "enable_https_traffic_only": true,
            "https_traffic_only_enabled": true,
            "id": "/subscriptions/edd4cc45-85c7-4aec-8bf5-648062d519bf/resourceGroups/dr_test_east_us/providers/Microsoft.Storage/storageAccounts/eaststorageacct",
            "identity": [],
            "immutability_policy": [],
            "infrastructure_encryption_enabled": false,
            "is_hns_enabled": true,
            "large_file_share_enabled": false,
            "local_user_enabled": true,
            "location": "eastus",
            "min_tls_version": "TLS1_2",
            "name": "eaststorageacct",
            "network_rules": [],
            "nfsv3_enabled": false,
            "primary_access_key": "8qmob+tpXpo6mTnfYx6P8ZIG7HebctQKcEzPyhL/IVmKF2AJ9oYWu0Kh0gGYf/azFMjfK3fFGxpA+AStXdQ9+w==",
            "primary_blob_connection_string": "DefaultEndpointsProtocol=https;BlobEndpoint=https://eaststorageacct.blob.core.windows.net/;AccountName=eaststorageacct;AccountKey=8qmob+tpXpo6mTnfYx6P8ZIG7HebctQKcEzPyhL/IVmKF2AJ9oYWu0Kh0gGYf/azFMjfK3fFGxpA+AStXdQ9+w==",
            "primary_blob_endpoint": "https://eaststorageacct.blob.core.windows.net/",
            "primary_blob_host": "eaststorageacct.blob.core.windows.net",
            "primary_blob_internet_endpoint": "",
            "primary_blob_internet_host": "",
            "primary_blob_microsoft_endpoint": "",
            "primary_blob_microsoft_host": "",
            "primary_connection_string": "DefaultEndpointsProtocol=https;AccountName=eaststorageacct;AccountKey=8qmob+tpXpo6mTnfYx6P8ZIG7HebctQKcEzPyhL/IVmKF2AJ9oYWu0Kh0gGYf/azFMjfK3fFGxpA+AStXdQ9+w==;EndpointSuffix=core.windows.net",
            "primary_dfs_endpoint": "https://eaststorageacct.dfs.core.windows.net/",
            "primary_dfs_host": "eaststorageacct.dfs.core.windows.net",
            "primary_dfs_internet_endpoint": "",
            "primary_dfs_internet_host": "",
            "primary_dfs_microsoft_endpoint": "",
            "primary_dfs_microsoft_host": "",
            "primary_file_endpoint": "https://eaststorageacct.file.core.windows.net/",
            "primary_file_host": "eaststorageacct.file.core.windows.net",
            "primary_file_internet_endpoint": "",
            "primary_file_internet_host": "",
            "primary_file_microsoft_endpoint": "",
            "primary_file_microsoft_host": "",
            "primary_location": "eastus",
            "primary_queue_endpoint": "https://eaststorageacct.queue.core.windows.net/",
            "primary_queue_host": "eaststorageacct.queue.core.windows.net",
            "primary_queue_microsoft_endpoint": "",
            "primary_queue_microsoft_host": "",
            "primary_table_endpoint": "https://eaststorageacct.table.core.windows.net/",
            "primary_table_host": "eaststorageacct.table.core.windows.net",
            "primary_table_microsoft_endpoint": "",
            "primary_table_microsoft_host": "",
            "primary_web_endpoint": "https://eaststorageacct.z13.web.core.windows.net/",
            "primary_web_host": "eaststorageacct.z13.web.core.windows.net",
            "primary_web_internet_endpoint": "",
            "primary_web_internet_host": "",
            "primary_web_microsoft_endpoint": "",
            "primary_web_microsoft_host": "",
            "public_network_access_enabled": true,
            "queue_encryption_key_type": "Service",
            "queue_properties": [
              {
                "cors_rule": [],
                "hour_metrics": [
                  {
                    "enabled": true,
                    "include_apis": true,
                    "retention_policy_days": 7,
                    "version": "1.0"
                  }
                ],
                "logging": [
                  {
                    "delete": false,
                    "read": false,
                    "retention_policy_days": 0,
                    "version": "1.0",
                    "write": false
                  }
                ],
                "minute_metrics": [
                  {
                    "enabled": false,
                    "include_apis": false,
                    "retention_policy_days": 0,
                    "version": "1.0"
                  }
                ]
              }
            ],
            "resource_group_name": "dr_test_east_us",
            "routing": [],
            "sas_policy": [],
            "secondary_access_key": "6p/nI04CcUxGYHg+Fjk24aXNzvh0LbVXmH/vD2P5qMBitVmIgH71RMwtkAX0L8FPE6AYaxbypg2m+ASt59j3tA==",
            "secondary_blob_connection_string": "",
            "secondary_blob_endpoint": "",
            "secondary_blob_host": "",
            "secondary_blob_internet_endpoint": "",
            "secondary_blob_internet_host": "",
            "secondary_blob_microsoft_endpoint": "",
            "secondary_blob_microsoft_host": "",
            "secondary_connection_string": "DefaultEndpointsProtocol=https;AccountName=eaststorageacct;AccountKey=6p/nI04CcUxGYHg+Fjk24aXNzvh0LbVXmH/vD2P5qMBitVmIgH71RMwtkAX0L8FPE6AYaxbypg2m+ASt59j3tA==;EndpointSuffix=core.windows.net",
            "secondary_dfs_endpoint": "",
            "secondary_dfs_host": "",
            "secondary_dfs_internet_endpoint": "",
            "secondary_dfs_internet_host": "",
            "secondary_dfs_microsoft_endpoint": "",
            "secondary_dfs_microsoft_host": "",
            "secondary_file_endpoint": "",
            "secondary_file_host": "",
            "secondary_file_internet_endpoint": "",
            "secondary_file_internet_host": "",
            "secondary_file_microsoft_endpoint": "",
            "secondary_file_microsoft_host": "",
            "secondary_location": "",
            "secondary_queue_endpoint": "",
            "secondary_queue_host": "",
            "secondary_queue_microsoft_endpoint": "",
            "secondary_queue_microsoft_host": "",
            "secondary_table_endpoint": "",
            "secondary_table_host": "",
            "secondary_table_microsoft_endpoint": "",
            "secondary_table_microsoft_host": "",
            "secondary_web_endpoint": "",
            "secondary_web_host": "",
            "secondary_web_internet_endpoint": "",
            "secondary_web_internet_host": "",
            "secondary_web_microsoft_endpoint": "",
            "secondary_web_microsoft_host": "",
            "sftp_enabled": false,
            "share_properties": [
              {
                "cors_rule": [],
                "retention_policy": [
                  {
                    "days": 7
                  }
                ],
                "smb": []
              }
            ],
            "shared_access_key_enabled": true,
            "static_website": [],
            "table_encryption_key_type": "Service",
            "tags": {
              "Owner": "mohit.singh@databricks.com"
            },
            "timeouts": null
          },
          "sensitive_attributes": [
            [
              {
                "type": "get_attr",
                "value": "primary_access_key"
              }
            ],
            [
              {
                "type": "get_attr",
                "value": "secondary_connection_string"
              }
            ],
            [
              {
                "type": "get_attr",
                "value": "secondary_blob_connection_string"
              }
            ],
            [
              {
                "type": "get_attr",
                "value": "primary_blob_connection_string"
              }
            ],
            [
              {
                "type": "get_attr",
                "value": "primary_connection_string"
              }
            ],
            [
              {
                "type": "get_attr",
                "value": "secondary_access_key"
              }
            ]
          ],
          "private": "eyJlMmJmYjczMC1lY2FhLTExZTYtOGY4OC0zNDM2M2JjN2M0YzAiOnsiY3JlYXRlIjozNjAwMDAwMDAwMDAwLCJkZWxldGUiOjM2MDAwMDAwMDAwMDAsInJlYWQiOjMwMDAwMDAwMDAwMCwidXBkYXRlIjozNjAwMDAwMDAwMDAwfSwic2NoZW1hX3ZlcnNpb24iOiI0In0=",
          "dependencies": [
            "azurerm_resource_group.dr_test_east_us"
          ]
        }
      ]
    },
    {
      "mode": "managed",
      "type": "azurerm_storage_container",
      "name": "dr_test_east_dr_sync",
      "provider": "provider[\"registry.terraform.io/hashicorp/azurerm\"]",
      "instances": [
        {
          "schema_version": 1,
          "attributes": {
            "container_access_type": "private",
            "default_encryption_scope": "$account-encryption-key",
            "encryption_scope_override_enabled": true,
            "has_immutability_policy": false,
            "has_legal_hold": false,
            "id": "https://eaststorageacct.blob.core.windows.net/dr-sync",
            "metadata": {},
            "name": "dr-sync",
            "resource_manager_id": "/subscriptions/edd4cc45-85c7-4aec-8bf5-648062d519bf/resourceGroups/dr_test_east_us/providers/Microsoft.Storage/storageAccounts/eaststorageacct/blobServices/default/containers/dr-sync",
            "storage_account_name": "eaststorageacct",
            "timeouts": null
          },
          "sensitive_attributes": [],
          "private": "eyJlMmJmYjczMC1lY2FhLTExZTYtOGY4OC0zNDM2M2JjN2M0YzAiOnsiY3JlYXRlIjoxODAwMDAwMDAwMDAwLCJkZWxldGUiOjE4MDAwMDAwMDAwMDAsInJlYWQiOjMwMDAwMDAwMDAwMCwidXBkYXRlIjoxODAwMDAwMDAwMDAwfSwic2NoZW1hX3ZlcnNpb24iOiIxIn0=",
          "dependencies": [
            "azurerm_resource_group.dr_test_east_us",
            "azurerm_storage_account.dr_test_east_storage"
          ]
        }
      ]
    },
    {
      "mode": "managed",
      "type": "azurerm_storage_container",
      "name": "dr_test_east_external",
      "provider": "provider[\"registry.terraform.io/hashicorp/azurerm\"]",
      "instances": [
        {
          "schema_version": 1,
          "attributes": {
            "container_access_type": "private",
            "default_encryption_scope": "$account-encryption-key",
            "encryption_scope_override_enabled": true,
            "has_immutability_policy": false,
            "has_legal_hold": false,
            "id": "https://eaststorageacct.blob.core.windows.net/external",
            "metadata": {},
            "name": "external",
            "resource_manager_id": "/subscriptions/edd4cc45-85c7-4aec-8bf5-648062d519bf/resourceGroups/dr_test_east_us/providers/Microsoft.Storage/storageAccounts/eaststorageacct/blobServices/default/containers/external",
            "storage_account_name": "eaststorageacct",
            "timeouts": null
          },
          "sensitive_attributes": [],
          "private": "eyJlMmJmYjczMC1lY2FhLTExZTYtOGY4OC0zNDM2M2JjN2M0YzAiOnsiY3JlYXRlIjoxODAwMDAwMDAwMDAwLCJkZWxldGUiOjE4MDAwMDAwMDAwMDAsInJlYWQiOjMwMDAwMDAwMDAwMCwidXBkYXRlIjoxODAwMDAwMDAwMDAwfSwic2NoZW1hX3ZlcnNpb24iOiIxIn0=",
          "dependencies": [
            "azurerm_resource_group.dr_test_east_us",
            "azurerm_storage_account.dr_test_east_storage"
          ]
        }
      ]
    },
    {
      "mode": "managed",
      "type": "databricks_metastore",
      "name": "dr_east_metastore",
      "provider": "provider[\"registry.terraform.io/databricks/databricks\"].account",
      "instances": [
        {
          "schema_version": 0,
          "attributes": {
            "cloud": "azure",
            "created_at": 1724219049895,
            "created_by": "mohit.singh@databricks.com",
            "default_data_access_config_id": null,
            "delta_sharing_organization_name": null,
            "delta_sharing_recipient_token_lifetime_in_seconds": 0,
            "delta_sharing_scope": "INTERNAL",
            "force_destroy": null,
            "global_metastore_id": "azure:eastus:70f896ef-744e-46cf-b107-785c7a277178",
            "id": "70f896ef-744e-46cf-b107-785c7a277178",
            "metastore_id": "70f896ef-744e-46cf-b107-785c7a277178",
            "name": "dr_east_metastore",
            "owner": "mohit.singh@databricks.com",
            "region": "eastus",
            "storage_root": null,
            "storage_root_credential_id": null,
            "updated_at": 1724219049895,
            "updated_by": "mohit.singh@databricks.com"
          },
          "sensitive_attributes": [],
          "private": "bnVsbA=="
        }
      ]
    }
  ],
  "check_results": null
}
