{
  "version": 4,
  "terraform_version": "1.9.2",
  "serial": 205,
  "lineage": "615f308d-e8b1-7534-bb84-3b4d43a828ac",
  "outputs": {
    "central_databricks_workspace_name": {
      "value": "dr_test_central_databricks",
      "type": "string"
    },
    "central_databricks_workspace_url": {
      "value": "adb-1787998144131797.17.azuredatabricks.net",
      "type": "string"
    },
    "central_dr_sync_container_name": {
      "value": "dr-sync",
      "type": "string"
    },
    "central_external_container_name": {
      "value": "external",
      "type": "string"
    },
    "central_storage_account_name": {
      "value": "centralstorageacct",
      "type": "string"
    },
    "resource_group_central_name": {
      "value": "dr_test_central_us",
      "type": "string"
    }
  },
  "resources": [
    {
      "mode": "managed",
      "type": "azurerm_databricks_access_connector",
      "name": "dr_test_central_connector",
      "provider": "provider[\"registry.terraform.io/hashicorp/azurerm\"]",
      "instances": [
        {
          "schema_version": 0,
          "attributes": {
            "id": "/subscriptions/edd4cc45-85c7-4aec-8bf5-648062d519bf/resourceGroups/dr_test_central_us/providers/Microsoft.Databricks/accessConnectors/dr_test_central_connector",
            "identity": [
              {
                "identity_ids": [],
                "principal_id": "3cc4788e-de19-4ea3-899f-4a5fdcbf77da",
                "tenant_id": "bf465dc7-3bc8-4944-b018-092572b5c20d",
                "type": "SystemAssigned"
              }
            ],
            "location": "centralus",
            "name": "dr_test_central_connector",
            "resource_group_name": "dr_test_central_us",
            "tags": {
              "Owner": "mohit.singh@databricks.com"
            },
            "timeouts": null
          },
          "sensitive_attributes": [],
          "private": "eyJlMmJmYjczMC1lY2FhLTExZTYtOGY4OC0zNDM2M2JjN2M0YzAiOnsiY3JlYXRlIjoxODAwMDAwMDAwMDAwLCJkZWxldGUiOjE4MDAwMDAwMDAwMDAsInJlYWQiOjMwMDAwMDAwMDAwMCwidXBkYXRlIjoxODAwMDAwMDAwMDAwfX0=",
          "dependencies": [
            "azurerm_resource_group.dr_test_central_us"
          ]
        }
      ]
    },
    {
      "mode": "managed",
      "type": "azurerm_databricks_workspace",
      "name": "dr_test_central_databricks",
      "provider": "provider[\"registry.terraform.io/hashicorp/azurerm\"]",
      "instances": [
        {
          "schema_version": 0,
          "attributes": {
            "access_connector_id": null,
            "custom_parameters": [
              {
                "machine_learning_workspace_id": "",
                "nat_gateway_name": "nat-gateway",
                "no_public_ip": true,
                "private_subnet_name": "",
                "private_subnet_network_security_group_association_id": "",
                "public_ip_name": "nat-gw-public-ip",
                "public_subnet_name": "",
                "public_subnet_network_security_group_association_id": "",
                "storage_account_name": "dbstoragegq6h7nqeyn27w",
                "storage_account_sku_name": "Standard_GRS",
                "virtual_network_id": "",
                "vnet_address_prefix": "10.139"
              }
            ],
            "customer_managed_key_enabled": false,
            "default_storage_firewall_enabled": null,
            "disk_encryption_set_id": "",
            "id": "/subscriptions/edd4cc45-85c7-4aec-8bf5-648062d519bf/resourceGroups/dr_test_central_us/providers/Microsoft.Databricks/workspaces/dr_test_central_databricks",
            "infrastructure_encryption_enabled": false,
            "load_balancer_backend_address_pool_id": "",
            "location": "centralus",
            "managed_disk_cmk_key_vault_id": "",
            "managed_disk_cmk_key_vault_key_id": "",
            "managed_disk_cmk_rotation_to_latest_version_enabled": false,
            "managed_disk_identity": [],
            "managed_resource_group_id": "/subscriptions/edd4cc45-85c7-4aec-8bf5-648062d519bf/resourceGroups/databricks-rg-dr_test_central_us",
            "managed_resource_group_name": "databricks-rg-dr_test_central_us",
            "managed_services_cmk_key_vault_id": "",
            "managed_services_cmk_key_vault_key_id": "",
            "name": "dr_test_central_databricks",
            "network_security_group_rules_required": null,
            "public_network_access_enabled": true,
            "resource_group_name": "dr_test_central_us",
            "sku": "premium",
            "storage_account_identity": [],
            "tags": {
              "Owner": "mohit.singh@databricks.com"
            },
            "timeouts": null,
            "workspace_id": "1787998144131797",
            "workspace_url": "adb-1787998144131797.17.azuredatabricks.net"
          },
          "sensitive_attributes": [],
          "private": "eyJlMmJmYjczMC1lY2FhLTExZTYtOGY4OC0zNDM2M2JjN2M0YzAiOnsiY3JlYXRlIjoxODAwMDAwMDAwMDAwLCJkZWxldGUiOjE4MDAwMDAwMDAwMDAsInJlYWQiOjMwMDAwMDAwMDAwMCwidXBkYXRlIjoxODAwMDAwMDAwMDAwfX0=",
          "dependencies": [
            "azurerm_resource_group.dr_test_central_us"
          ]
        }
      ]
    },
    {
      "mode": "managed",
      "type": "azurerm_resource_group",
      "name": "dr_test_central_us",
      "provider": "provider[\"registry.terraform.io/hashicorp/azurerm\"]",
      "instances": [
        {
          "schema_version": 0,
          "attributes": {
            "id": "/subscriptions/edd4cc45-85c7-4aec-8bf5-648062d519bf/resourceGroups/dr_test_central_us",
            "location": "centralus",
            "managed_by": "",
            "name": "dr_test_central_us",
            "tags": {
              "Owner": "mohit.singh@databricks.com"
            },
            "timeouts": null
          },
          "sensitive_attributes": [],
          "private": "eyJlMmJmYjczMC1lY2FhLTExZTYtOGY4OC0zNDM2M2JjN2M0YzAiOnsiY3JlYXRlIjo1NDAwMDAwMDAwMDAwLCJkZWxldGUiOjU0MDAwMDAwMDAwMDAsInJlYWQiOjMwMDAwMDAwMDAwMCwidXBkYXRlIjo1NDAwMDAwMDAwMDAwfX0="
        }
      ]
    },
    {
      "mode": "managed",
      "type": "azurerm_role_assignment",
      "name": "central_blob_contributor",
      "provider": "provider[\"registry.terraform.io/hashicorp/azurerm\"]",
      "instances": [
        {
          "schema_version": 0,
          "attributes": {
            "condition": "",
            "condition_version": "",
            "delegated_managed_identity_resource_id": "",
            "description": "",
            "id": "/subscriptions/edd4cc45-85c7-4aec-8bf5-648062d519bf/resourceGroups/dr_test_central_us/providers/Microsoft.Storage/storageAccounts/centralstorageacct/providers/Microsoft.Authorization/roleAssignments/6d8b9333-de1f-2e2a-7e29-07b9407f29c5",
            "name": "6d8b9333-de1f-2e2a-7e29-07b9407f29c5",
            "principal_id": "3cc4788e-de19-4ea3-899f-4a5fdcbf77da",
            "principal_type": "ServicePrincipal",
            "role_definition_id": "/subscriptions/edd4cc45-85c7-4aec-8bf5-648062d519bf/providers/Microsoft.Authorization/roleDefinitions/ba92f5b4-2d11-453d-a403-e96b0029c9fe",
            "role_definition_name": "Storage Blob Data Contributor",
            "scope": "/subscriptions/edd4cc45-85c7-4aec-8bf5-648062d519bf/resourceGroups/dr_test_central_us/providers/Microsoft.Storage/storageAccounts/centralstorageacct",
            "skip_service_principal_aad_check": null,
            "timeouts": null
          },
          "sensitive_attributes": [],
          "private": "eyJlMmJmYjczMC1lY2FhLTExZTYtOGY4OC0zNDM2M2JjN2M0YzAiOnsiY3JlYXRlIjoxODAwMDAwMDAwMDAwLCJkZWxldGUiOjE4MDAwMDAwMDAwMDAsInJlYWQiOjMwMDAwMDAwMDAwMH19",
          "dependencies": [
            "azurerm_databricks_access_connector.dr_test_central_connector",
            "azurerm_resource_group.dr_test_central_us",
            "azurerm_storage_account.dr_test_central_storage"
          ]
        }
      ]
    },
    {
      "mode": "managed",
      "type": "azurerm_role_assignment",
      "name": "central_queue_contributor",
      "provider": "provider[\"registry.terraform.io/hashicorp/azurerm\"]",
      "instances": [
        {
          "schema_version": 0,
          "attributes": {
            "condition": "",
            "condition_version": "",
            "delegated_managed_identity_resource_id": "",
            "description": "",
            "id": "/subscriptions/edd4cc45-85c7-4aec-8bf5-648062d519bf/resourceGroups/dr_test_central_us/providers/Microsoft.Storage/storageAccounts/centralstorageacct/providers/Microsoft.Authorization/roleAssignments/cad9e170-6ba9-e35b-c5a7-4876d814495d",
            "name": "cad9e170-6ba9-e35b-c5a7-4876d814495d",
            "principal_id": "3cc4788e-de19-4ea3-899f-4a5fdcbf77da",
            "principal_type": "ServicePrincipal",
            "role_definition_id": "/subscriptions/edd4cc45-85c7-4aec-8bf5-648062d519bf/providers/Microsoft.Authorization/roleDefinitions/974c5e8b-45b9-4653-ba55-5f855dd0fb88",
            "role_definition_name": "Storage Queue Data Contributor",
            "scope": "/subscriptions/edd4cc45-85c7-4aec-8bf5-648062d519bf/resourceGroups/dr_test_central_us/providers/Microsoft.Storage/storageAccounts/centralstorageacct",
            "skip_service_principal_aad_check": null,
            "timeouts": null
          },
          "sensitive_attributes": [],
          "private": "eyJlMmJmYjczMC1lY2FhLTExZTYtOGY4OC0zNDM2M2JjN2M0YzAiOnsiY3JlYXRlIjoxODAwMDAwMDAwMDAwLCJkZWxldGUiOjE4MDAwMDAwMDAwMDAsInJlYWQiOjMwMDAwMDAwMDAwMH19",
          "dependencies": [
            "azurerm_databricks_access_connector.dr_test_central_connector",
            "azurerm_resource_group.dr_test_central_us",
            "azurerm_storage_account.dr_test_central_storage"
          ]
        }
      ]
    },
    {
      "mode": "managed",
      "type": "azurerm_storage_account",
      "name": "dr_test_central_storage",
      "provider": "provider[\"registry.terraform.io/hashicorp/azurerm\"]",
      "instances": [
        {
          "schema_version": 4,
          "attributes": {
            "access_tier": "Hot",
            "account_kind": "StorageV2",
            "account_replication_type": "LRS",
            "account_tier": "Standard",
            "allow_nested_items_to_be_public": true,
            "allowed_copy_scope": "",
            "azure_files_authentication": [],
            "blob_properties": [
              {
                "change_feed_enabled": false,
                "change_feed_retention_in_days": 0,
                "container_delete_retention_policy": [],
                "cors_rule": [],
                "default_service_version": "",
                "delete_retention_policy": [],
                "last_access_time_enabled": false,
                "restore_policy": [],
                "versioning_enabled": false
              }
            ],
            "cross_tenant_replication_enabled": true,
            "custom_domain": [],
            "customer_managed_key": [],
            "default_to_oauth_authentication": false,
            "dns_endpoint_type": "Standard",
            "edge_zone": "",
            "enable_https_traffic_only": true,
            "https_traffic_only_enabled": true,
            "id": "/subscriptions/edd4cc45-85c7-4aec-8bf5-648062d519bf/resourceGroups/dr_test_central_us/providers/Microsoft.Storage/storageAccounts/centralstorageacct",
            "identity": [],
            "immutability_policy": [],
            "infrastructure_encryption_enabled": false,
            "is_hns_enabled": true,
            "large_file_share_enabled": false,
            "local_user_enabled": true,
            "location": "centralus",
            "min_tls_version": "TLS1_2",
            "name": "centralstorageacct",
            "network_rules": [],
            "nfsv3_enabled": false,
            "primary_access_key": "2lkiTdboJxnVhzss8bgD4gdR86sglq/KcAEEXtt9FSS/dZ28jnt7/QFClmwtvcXpiCDo+tYk1rnQ+AStXPzehQ==",
            "primary_blob_connection_string": "DefaultEndpointsProtocol=https;BlobEndpoint=https://centralstorageacct.blob.core.windows.net/;AccountName=centralstorageacct;AccountKey=2lkiTdboJxnVhzss8bgD4gdR86sglq/KcAEEXtt9FSS/dZ28jnt7/QFClmwtvcXpiCDo+tYk1rnQ+AStXPzehQ==",
            "primary_blob_endpoint": "https://centralstorageacct.blob.core.windows.net/",
            "primary_blob_host": "centralstorageacct.blob.core.windows.net",
            "primary_blob_internet_endpoint": "",
            "primary_blob_internet_host": "",
            "primary_blob_microsoft_endpoint": "",
            "primary_blob_microsoft_host": "",
            "primary_connection_string": "DefaultEndpointsProtocol=https;AccountName=centralstorageacct;AccountKey=2lkiTdboJxnVhzss8bgD4gdR86sglq/KcAEEXtt9FSS/dZ28jnt7/QFClmwtvcXpiCDo+tYk1rnQ+AStXPzehQ==;EndpointSuffix=core.windows.net",
            "primary_dfs_endpoint": "https://centralstorageacct.dfs.core.windows.net/",
            "primary_dfs_host": "centralstorageacct.dfs.core.windows.net",
            "primary_dfs_internet_endpoint": "",
            "primary_dfs_internet_host": "",
            "primary_dfs_microsoft_endpoint": "",
            "primary_dfs_microsoft_host": "",
            "primary_file_endpoint": "https://centralstorageacct.file.core.windows.net/",
            "primary_file_host": "centralstorageacct.file.core.windows.net",
            "primary_file_internet_endpoint": "",
            "primary_file_internet_host": "",
            "primary_file_microsoft_endpoint": "",
            "primary_file_microsoft_host": "",
            "primary_location": "centralus",
            "primary_queue_endpoint": "https://centralstorageacct.queue.core.windows.net/",
            "primary_queue_host": "centralstorageacct.queue.core.windows.net",
            "primary_queue_microsoft_endpoint": "",
            "primary_queue_microsoft_host": "",
            "primary_table_endpoint": "https://centralstorageacct.table.core.windows.net/",
            "primary_table_host": "centralstorageacct.table.core.windows.net",
            "primary_table_microsoft_endpoint": "",
            "primary_table_microsoft_host": "",
            "primary_web_endpoint": "https://centralstorageacct.z19.web.core.windows.net/",
            "primary_web_host": "centralstorageacct.z19.web.core.windows.net",
            "primary_web_internet_endpoint": "",
            "primary_web_internet_host": "",
            "primary_web_microsoft_endpoint": "",
            "primary_web_microsoft_host": "",
            "public_network_access_enabled": true,
            "queue_encryption_key_type": "Service",
            "queue_properties": [
              {
                "cors_rule": [],
                "hour_metrics": [
                  {
                    "enabled": true,
                    "include_apis": true,
                    "retention_policy_days": 7,
                    "version": "1.0"
                  }
                ],
                "logging": [
                  {
                    "delete": false,
                    "read": false,
                    "retention_policy_days": 0,
                    "version": "1.0",
                    "write": false
                  }
                ],
                "minute_metrics": [
                  {
                    "enabled": false,
                    "include_apis": false,
                    "retention_policy_days": 0,
                    "version": "1.0"
                  }
                ]
              }
            ],
            "resource_group_name": "dr_test_central_us",
            "routing": [],
            "sas_policy": [],
            "secondary_access_key": "i60NvSS3W9fXFEJjY6l5Cu0ZBS2o0GPhkFy4FDgVFQvBPTlNsYoeOGMdz5hJSVliTPKXaO0xVhZ1+ASto29DUw==",
            "secondary_blob_connection_string": "",
            "secondary_blob_endpoint": "",
            "secondary_blob_host": "",
            "secondary_blob_internet_endpoint": "",
            "secondary_blob_internet_host": "",
            "secondary_blob_microsoft_endpoint": "",
            "secondary_blob_microsoft_host": "",
            "secondary_connection_string": "DefaultEndpointsProtocol=https;AccountName=centralstorageacct;AccountKey=i60NvSS3W9fXFEJjY6l5Cu0ZBS2o0GPhkFy4FDgVFQvBPTlNsYoeOGMdz5hJSVliTPKXaO0xVhZ1+ASto29DUw==;EndpointSuffix=core.windows.net",
            "secondary_dfs_endpoint": "",
            "secondary_dfs_host": "",
            "secondary_dfs_internet_endpoint": "",
            "secondary_dfs_internet_host": "",
            "secondary_dfs_microsoft_endpoint": "",
            "secondary_dfs_microsoft_host": "",
            "secondary_file_endpoint": "",
            "secondary_file_host": "",
            "secondary_file_internet_endpoint": "",
            "secondary_file_internet_host": "",
            "secondary_file_microsoft_endpoint": "",
            "secondary_file_microsoft_host": "",
            "secondary_location": "",
            "secondary_queue_endpoint": "",
            "secondary_queue_host": "",
            "secondary_queue_microsoft_endpoint": "",
            "secondary_queue_microsoft_host": "",
            "secondary_table_endpoint": "",
            "secondary_table_host": "",
            "secondary_table_microsoft_endpoint": "",
            "secondary_table_microsoft_host": "",
            "secondary_web_endpoint": "",
            "secondary_web_host": "",
            "secondary_web_internet_endpoint": "",
            "secondary_web_internet_host": "",
            "secondary_web_microsoft_endpoint": "",
            "secondary_web_microsoft_host": "",
            "sftp_enabled": false,
            "share_properties": [
              {
                "cors_rule": [],
                "retention_policy": [
                  {
                    "days": 7
                  }
                ],
                "smb": []
              }
            ],
            "shared_access_key_enabled": true,
            "static_website": [],
            "table_encryption_key_type": "Service",
            "tags": {
              "Owner": "mohit.singh@databricks.com"
            },
            "timeouts": null
          },
          "sensitive_attributes": [
            [
              {
                "type": "get_attr",
                "value": "primary_access_key"
              }
            ],
            [
              {
                "type": "get_attr",
                "value": "secondary_access_key"
              }
            ],
            [
              {
                "type": "get_attr",
                "value": "secondary_blob_connection_string"
              }
            ],
            [
              {
                "type": "get_attr",
                "value": "primary_blob_connection_string"
              }
            ],
            [
              {
                "type": "get_attr",
                "value": "primary_connection_string"
              }
            ],
            [
              {
                "type": "get_attr",
                "value": "secondary_connection_string"
              }
            ]
          ],
          "private": "eyJlMmJmYjczMC1lY2FhLTExZTYtOGY4OC0zNDM2M2JjN2M0YzAiOnsiY3JlYXRlIjozNjAwMDAwMDAwMDAwLCJkZWxldGUiOjM2MDAwMDAwMDAwMDAsInJlYWQiOjMwMDAwMDAwMDAwMCwidXBkYXRlIjozNjAwMDAwMDAwMDAwfSwic2NoZW1hX3ZlcnNpb24iOiI0In0=",
          "dependencies": [
            "azurerm_resource_group.dr_test_central_us"
          ]
        }
      ]
    },
    {
      "mode": "managed",
      "type": "azurerm_storage_container",
      "name": "dr_test_central_dr_sync",
      "provider": "provider[\"registry.terraform.io/hashicorp/azurerm\"]",
      "instances": [
        {
          "schema_version": 1,
          "attributes": {
            "container_access_type": "private",
            "default_encryption_scope": "$account-encryption-key",
            "encryption_scope_override_enabled": true,
            "has_immutability_policy": false,
            "has_legal_hold": false,
            "id": "https://centralstorageacct.blob.core.windows.net/dr-sync",
            "metadata": {},
            "name": "dr-sync",
            "resource_manager_id": "/subscriptions/edd4cc45-85c7-4aec-8bf5-648062d519bf/resourceGroups/dr_test_central_us/providers/Microsoft.Storage/storageAccounts/centralstorageacct/blobServices/default/containers/dr-sync",
            "storage_account_name": "centralstorageacct",
            "timeouts": null
          },
          "sensitive_attributes": [],
          "private": "eyJlMmJmYjczMC1lY2FhLTExZTYtOGY4OC0zNDM2M2JjN2M0YzAiOnsiY3JlYXRlIjoxODAwMDAwMDAwMDAwLCJkZWxldGUiOjE4MDAwMDAwMDAwMDAsInJlYWQiOjMwMDAwMDAwMDAwMCwidXBkYXRlIjoxODAwMDAwMDAwMDAwfSwic2NoZW1hX3ZlcnNpb24iOiIxIn0=",
          "dependencies": [
            "azurerm_resource_group.dr_test_central_us",
            "azurerm_storage_account.dr_test_central_storage"
          ]
        }
      ]
    },
    {
      "mode": "managed",
      "type": "azurerm_storage_container",
      "name": "dr_test_central_external",
      "provider": "provider[\"registry.terraform.io/hashicorp/azurerm\"]",
      "instances": [
        {
          "schema_version": 1,
          "attributes": {
            "container_access_type": "private",
            "default_encryption_scope": "$account-encryption-key",
            "encryption_scope_override_enabled": true,
            "has_immutability_policy": false,
            "has_legal_hold": false,
            "id": "https://centralstorageacct.blob.core.windows.net/external",
            "metadata": {},
            "name": "external",
            "resource_manager_id": "/subscriptions/edd4cc45-85c7-4aec-8bf5-648062d519bf/resourceGroups/dr_test_central_us/providers/Microsoft.Storage/storageAccounts/centralstorageacct/blobServices/default/containers/external",
            "storage_account_name": "centralstorageacct",
            "timeouts": null
          },
          "sensitive_attributes": [],
          "private": "eyJlMmJmYjczMC1lY2FhLTExZTYtOGY4OC0zNDM2M2JjN2M0YzAiOnsiY3JlYXRlIjoxODAwMDAwMDAwMDAwLCJkZWxldGUiOjE4MDAwMDAwMDAwMDAsInJlYWQiOjMwMDAwMDAwMDAwMCwidXBkYXRlIjoxODAwMDAwMDAwMDAwfSwic2NoZW1hX3ZlcnNpb24iOiIxIn0=",
          "dependencies": [
            "azurerm_resource_group.dr_test_central_us",
            "azurerm_storage_account.dr_test_central_storage"
          ]
        }
      ]
    },
    {
      "mode": "managed",
      "type": "databricks_catalog",
      "name": "dr_test_catalog",
      "provider": "provider[\"registry.terraform.io/databricks/databricks\"].workspace",
      "instances": [
        {
          "schema_version": 0,
          "attributes": {
            "comment": "Test catalog for data organization",
            "connection_name": null,
            "enable_predictive_optimization": "INHERIT",
            "force_destroy": false,
            "id": "dr_test_catalog",
            "isolation_mode": "OPEN",
            "metastore_id": "c57d1e2b-bd6a-4f23-9a3a-ec24dfd86d83",
            "name": "dr_test_catalog",
            "options": null,
            "owner": "mohit.singh@databricks.com",
            "properties": null,
            "provider_name": null,
            "share_name": null,
            "storage_root": "abfss://external@centralstorageacct.dfs.core.windows.net/"
          },
          "sensitive_attributes": [],
          "private": "bnVsbA==",
          "dependencies": [
            "azurerm_databricks_access_connector.dr_test_central_connector",
            "azurerm_databricks_workspace.dr_test_central_databricks",
            "azurerm_resource_group.dr_test_central_us",
            "azurerm_storage_account.dr_test_central_storage",
            "azurerm_storage_container.dr_test_central_external",
            "databricks_external_location.dr_central_external_location",
            "databricks_metastore.dr_central_metastore",
            "databricks_metastore_assignment.dr_central_metastore_assignment",
            "databricks_storage_credential.dr_central_storage_credential"
          ]
        }
      ]
    },
    {
      "mode": "managed",
      "type": "databricks_external_location",
      "name": "dr_central_external_location",
      "provider": "provider[\"registry.terraform.io/databricks/databricks\"].workspace",
      "instances": [
        {
          "schema_version": 0,
          "attributes": {
            "access_point": null,
            "comment": "External location for data storage in central US",
            "credential_name": "dr_central_storage_credential",
            "encryption_details": [],
            "force_destroy": null,
            "force_update": null,
            "id": "dr_central_external_location",
            "isolation_mode": "ISOLATION_MODE_OPEN",
            "metastore_id": "c57d1e2b-bd6a-4f23-9a3a-ec24dfd86d83",
            "name": "dr_central_external_location",
            "owner": "mohit.singh@databricks.com",
            "read_only": false,
            "skip_validation": null,
            "url": "abfss://external@centralstorageacct.dfs.core.windows.net/"
          },
          "sensitive_attributes": [],
          "private": "bnVsbA==",
          "dependencies": [
            "azurerm_databricks_access_connector.dr_test_central_connector",
            "azurerm_databricks_workspace.dr_test_central_databricks",
            "azurerm_resource_group.dr_test_central_us",
            "azurerm_storage_account.dr_test_central_storage",
            "azurerm_storage_container.dr_test_central_external",
            "databricks_metastore.dr_central_metastore",
            "databricks_metastore_assignment.dr_central_metastore_assignment",
            "databricks_storage_credential.dr_central_storage_credential"
          ]
        }
      ]
    },
    {
      "mode": "managed",
      "type": "databricks_job",
      "name": "workflow",
      "provider": "provider[\"registry.terraform.io/databricks/databricks\"].workspace",
      "instances": [
        {
          "schema_version": 2,
          "attributes": {
            "always_running": false,
            "continuous": [],
            "control_run_state": false,
            "dbt_task": [],
            "deployment": [],
            "description": null,
            "edit_mode": null,
            "email_notifications": [
              {
                "no_alert_for_skipped_runs": false,
                "on_duration_warning_threshold_exceeded": [],
                "on_failure": [],
                "on_start": [],
                "on_streaming_backlog_exceeded": [],
                "on_success": []
              }
            ],
            "environment": [],
            "existing_cluster_id": null,
            "format": "MULTI_TASK",
            "git_source": [],
            "health": [],
            "id": "557580508383463",
            "job_cluster": [
              {
                "job_cluster_key": "etl_job_cluster",
                "new_cluster": [
                  {
                    "apply_policy_default_values": false,
                    "autoscale": [],
                    "aws_attributes": [],
                    "azure_attributes": [
                      {
                        "availability": "ON_DEMAND_AZURE",
                        "first_on_demand": 0,
                        "log_analytics_info": [],
                        "spot_bid_max_price": 0
                      }
                    ],
                    "cluster_id": "",
                    "cluster_log_conf": [],
                    "cluster_mount_info": [],
                    "cluster_name": "",
                    "custom_tags": {},
                    "data_security_mode": "SINGLE_USER",
                    "docker_image": [],
                    "driver_instance_pool_id": "",
                    "driver_node_type_id": "",
                    "enable_elastic_disk": true,
                    "enable_local_disk_encryption": false,
                    "gcp_attributes": [],
                    "idempotency_token": "",
                    "init_scripts": [],
                    "instance_pool_id": "",
                    "library": [],
                    "node_type_id": "Standard_DS3_v2",
                    "num_workers": 2,
                    "policy_id": "",
                    "runtime_engine": "",
                    "single_user_name": "",
                    "spark_conf": {},
                    "spark_env_vars": {},
                    "spark_version": "14.3.x-scala2.12",
                    "ssh_public_keys": [],
                    "workload_type": []
                  }
                ]
              }
            ],
            "library": [],
            "max_concurrent_runs": 1,
            "max_retries": 0,
            "min_retry_interval_millis": 0,
            "name": "ETL Workflow",
            "new_cluster": [],
            "notebook_task": [],
            "notification_settings": [],
            "parameter": [],
            "pipeline_task": [],
            "python_wheel_task": [],
            "queue": [],
            "retry_on_timeout": false,
            "run_as": [
              {
                "service_principal_name": "",
                "user_name": "mohit.singh@databricks.com"
              }
            ],
            "run_job_task": [],
            "schedule": [
              {
                "pause_status": "PAUSED",
                "quartz_cron_expression": "0 0 * * * ?",
                "timezone_id": "UTC"
              }
            ],
            "spark_jar_task": [],
            "spark_python_task": [],
            "spark_submit_task": [],
            "tags": null,
            "task": [
              {
                "condition_task": [],
                "dbt_task": [],
                "depends_on": [
                  {
                    "outcome": "",
                    "task_key": "TransformToSilver"
                  }
                ],
                "description": "",
                "disable_auto_optimization": false,
                "email_notifications": [
                  {
                    "no_alert_for_skipped_runs": false,
                    "on_duration_warning_threshold_exceeded": [],
                    "on_failure": [],
                    "on_start": [],
                    "on_streaming_backlog_exceeded": [],
                    "on_success": []
                  }
                ],
                "environment_key": "",
                "existing_cluster_id": "",
                "for_each_task": [],
                "health": [],
                "job_cluster_key": "etl_job_cluster",
                "library": [],
                "max_retries": 0,
                "min_retry_interval_millis": 0,
                "new_cluster": [],
                "notebook_task": [
                  {
                    "base_parameters": {},
                    "notebook_path": "/Workspace/AggregateToGold",
                    "source": "WORKSPACE",
                    "warehouse_id": ""
                  }
                ],
                "notification_settings": [],
                "pipeline_task": [],
                "python_wheel_task": [],
                "retry_on_timeout": false,
                "run_if": "ALL_SUCCESS",
                "run_job_task": [],
                "spark_jar_task": [],
                "spark_python_task": [],
                "spark_submit_task": [],
                "sql_task": [],
                "task_key": "AggregateToGold",
                "timeout_seconds": 0,
                "webhook_notifications": []
              },
              {
                "condition_task": [],
                "dbt_task": [],
                "depends_on": [],
                "description": "",
                "disable_auto_optimization": false,
                "email_notifications": [
                  {
                    "no_alert_for_skipped_runs": false,
                    "on_duration_warning_threshold_exceeded": [],
                    "on_failure": [],
                    "on_start": [],
                    "on_streaming_backlog_exceeded": [],
                    "on_success": []
                  }
                ],
                "environment_key": "",
                "existing_cluster_id": "",
                "for_each_task": [],
                "health": [],
                "job_cluster_key": "etl_job_cluster",
                "library": [],
                "max_retries": 0,
                "min_retry_interval_millis": 0,
                "new_cluster": [],
                "notebook_task": [
                  {
                    "base_parameters": {},
                    "notebook_path": "/Workspace/GenerateRawData",
                    "source": "WORKSPACE",
                    "warehouse_id": ""
                  }
                ],
                "notification_settings": [],
                "pipeline_task": [],
                "python_wheel_task": [],
                "retry_on_timeout": false,
                "run_if": "ALL_SUCCESS",
                "run_job_task": [],
                "spark_jar_task": [],
                "spark_python_task": [],
                "spark_submit_task": [],
                "sql_task": [],
                "task_key": "GenerateRawData",
                "timeout_seconds": 0,
                "webhook_notifications": []
              },
              {
                "condition_task": [],
                "dbt_task": [],
                "depends_on": [
                  {
                    "outcome": "",
                    "task_key": "GenerateRawData"
                  }
                ],
                "description": "",
                "disable_auto_optimization": false,
                "email_notifications": [
                  {
                    "no_alert_for_skipped_runs": false,
                    "on_duration_warning_threshold_exceeded": [],
                    "on_failure": [],
                    "on_start": [],
                    "on_streaming_backlog_exceeded": [],
                    "on_success": []
                  }
                ],
                "environment_key": "",
                "existing_cluster_id": "",
                "for_each_task": [],
                "health": [],
                "job_cluster_key": "etl_job_cluster",
                "library": [],
                "max_retries": 0,
                "min_retry_interval_millis": 0,
                "new_cluster": [],
                "notebook_task": [
                  {
                    "base_parameters": {},
                    "notebook_path": "/Workspace/TransformToSilver",
                    "source": "WORKSPACE",
                    "warehouse_id": ""
                  }
                ],
                "notification_settings": [],
                "pipeline_task": [],
                "python_wheel_task": [],
                "retry_on_timeout": false,
                "run_if": "ALL_SUCCESS",
                "run_job_task": [],
                "spark_jar_task": [],
                "spark_python_task": [],
                "spark_submit_task": [],
                "sql_task": [],
                "task_key": "TransformToSilver",
                "timeout_seconds": 0,
                "webhook_notifications": []
              }
            ],
            "timeout_seconds": 0,
            "timeouts": null,
            "trigger": [],
            "url": "https://adb-1787998144131797.17.azuredatabricks.net/#job/557580508383463",
            "webhook_notifications": [
              {
                "on_duration_warning_threshold_exceeded": [],
                "on_failure": [],
                "on_start": [],
                "on_streaming_backlog_exceeded": [],
                "on_success": []
              }
            ]
          },
          "sensitive_attributes": [],
          "private": "eyJlMmJmYjczMC1lY2FhLTExZTYtOGY4OC0zNDM2M2JjN2M0YzAiOnsiY3JlYXRlIjoxODAwMDAwMDAwMDAwLCJ1cGRhdGUiOjE4MDAwMDAwMDAwMDB9LCJzY2hlbWFfdmVyc2lvbiI6IjIifQ==",
          "dependencies": [
            "azurerm_databricks_workspace.dr_test_central_databricks",
            "azurerm_resource_group.dr_test_central_us",
            "databricks_notebook.aggregate_to_gold",
            "databricks_notebook.generate_raw_data",
            "databricks_notebook.transform_to_silver"
          ]
        }
      ]
    },
    {
      "mode": "managed",
      "type": "databricks_metastore",
      "name": "dr_central_metastore",
      "provider": "provider[\"registry.terraform.io/databricks/databricks\"].account",
      "instances": [
        {
          "schema_version": 0,
          "attributes": {
            "cloud": "azure",
            "created_at": 1723095743566,
            "created_by": "mohit.singh@databricks.com",
            "default_data_access_config_id": null,
            "delta_sharing_organization_name": null,
            "delta_sharing_recipient_token_lifetime_in_seconds": 0,
            "delta_sharing_scope": "INTERNAL",
            "force_destroy": null,
            "global_metastore_id": "azure:centralus:c57d1e2b-bd6a-4f23-9a3a-ec24dfd86d83",
            "id": "c57d1e2b-bd6a-4f23-9a3a-ec24dfd86d83",
            "metastore_id": "c57d1e2b-bd6a-4f23-9a3a-ec24dfd86d83",
            "name": "dr_central_metastore",
            "owner": "mohit.singh@databricks.com",
            "region": "centralus",
            "storage_root": null,
            "storage_root_credential_id": null,
            "updated_at": 1723095743566,
            "updated_by": "mohit.singh@databricks.com"
          },
          "sensitive_attributes": [],
          "private": "bnVsbA=="
        }
      ]
    },
    {
      "mode": "managed",
      "type": "databricks_metastore_assignment",
      "name": "dr_central_metastore_assignment",
      "provider": "provider[\"registry.terraform.io/databricks/databricks\"].workspace",
      "instances": [
        {
          "schema_version": 0,
          "attributes": {
            "default_catalog_name": "main",
            "id": "1787998144131797|c57d1e2b-bd6a-4f23-9a3a-ec24dfd86d83",
            "metastore_id": "c57d1e2b-bd6a-4f23-9a3a-ec24dfd86d83",
            "workspace_id": 1787998144131797
          },
          "sensitive_attributes": [],
          "private": "bnVsbA==",
          "dependencies": [
            "azurerm_databricks_workspace.dr_test_central_databricks",
            "azurerm_resource_group.dr_test_central_us",
            "databricks_metastore.dr_central_metastore"
          ]
        }
      ]
    },
    {
      "mode": "managed",
      "type": "databricks_notebook",
      "name": "aggregate_to_gold",
      "provider": "provider[\"registry.terraform.io/databricks/databricks\"].workspace",
      "instances": [
        {
          "schema_version": 1,
          "attributes": {
            "content_base64": "IyBSZWFkIGZyb20gc2lsdmVyIHRhYmxlCmRmX3NpbHZlciA9IHNwYXJrLnRhYmxlKCJkcl90ZXN0X2NhdGFsb2cuZHJfdGVzdF9zaWx2ZXIuc2lsdmVyX2RhdGEiKQoKIyBBZ2dyZWdhdGlvbiAoZS5nLiwgY291bnQgYnkgbmFtZSkKZGZfZ29sZCA9IGRmX3NpbHZlci5ncm91cEJ5KCJuYW1lIikuY291bnQoKQoKIyBXcml0ZSB0byBnb2xkIHRhYmxlCmRmX2dvbGQud3JpdGUubW9kZSgib3ZlcndyaXRlIikuc2F2ZUFzVGFibGUoImRyX3Rlc3RfY2F0YWxvZy5kcl90ZXN0X2dvbGQuZ29sZF9kYXRhIikKCg==",
            "format": "SOURCE",
            "id": "/Workspace/AggregateToGold",
            "language": "PYTHON",
            "md5": "612f5a046864ac0336fe6c15c5b23425",
            "object_id": 3992197245758876,
            "object_type": "NOTEBOOK",
            "path": "/Workspace/AggregateToGold",
            "source": null,
            "url": "https://adb-1787998144131797.17.azuredatabricks.net/#workspace/Workspace/AggregateToGold"
          },
          "sensitive_attributes": [],
          "private": "eyJzY2hlbWFfdmVyc2lvbiI6IjEifQ==",
          "dependencies": [
            "azurerm_databricks_workspace.dr_test_central_databricks",
            "azurerm_resource_group.dr_test_central_us"
          ]
        }
      ]
    },
    {
      "mode": "managed",
      "type": "databricks_notebook",
      "name": "generate_raw_data",
      "provider": "provider[\"registry.terraform.io/databricks/databricks\"].workspace",
      "instances": [
        {
          "schema_version": 1,
          "attributes": {
            "content_base64": "aW1wb3J0IHJhbmRvbQppbXBvcnQgc3RyaW5nCgojIEdlbmVyYXRlIHJhbmRvbSBkYXRhCmRhdGEgPSBbKGksICcnLmpvaW4ocmFuZG9tLmNob2ljZXMoc3RyaW5nLmFzY2lpX2xldHRlcnMgKyBzdHJpbmcuZGlnaXRzLCBrPTEwKSksIHJhbmRvbS5yYW5kaW50KDEsIDEwMCkpIGZvciBpIGluIHJhbmdlKDEwMCldCgojIENyZWF0ZSBEYXRhRnJhbWUKZGYgPSBzcGFyay5jcmVhdGVEYXRhRnJhbWUoZGF0YSwgWyJpZCIsICJuYW1lIiwgInZhbHVlIl0pCgojIFdyaXRlIHRvIHJhdyB0YWJsZQpkZi53cml0ZS5tb2RlKCJvdmVyd3JpdGUiKS5zYXZlQXNUYWJsZSgiZHJfdGVzdF9jYXRhbG9nLmRyX3Rlc3RfcmF3LnJhd19kYXRhIikK",
            "format": "SOURCE",
            "id": "/Workspace/GenerateRawData",
            "language": "PYTHON",
            "md5": "3187ddf2a619c3454e77c1ef469832c4",
            "object_id": 3992197245758877,
            "object_type": "NOTEBOOK",
            "path": "/Workspace/GenerateRawData",
            "source": null,
            "url": "https://adb-1787998144131797.17.azuredatabricks.net/#workspace/Workspace/GenerateRawData"
          },
          "sensitive_attributes": [],
          "private": "eyJzY2hlbWFfdmVyc2lvbiI6IjEifQ==",
          "dependencies": [
            "azurerm_databricks_workspace.dr_test_central_databricks",
            "azurerm_resource_group.dr_test_central_us"
          ]
        }
      ]
    },
    {
      "mode": "managed",
      "type": "databricks_notebook",
      "name": "transform_to_silver",
      "provider": "provider[\"registry.terraform.io/databricks/databricks\"].workspace",
      "instances": [
        {
          "schema_version": 1,
          "attributes": {
            "content_base64": "IyBSZWFkIGZyb20gcmF3IHRhYmxlCmRmX3JhdyA9IHNwYXJrLnRhYmxlKCJkcl90ZXN0X2NhdGFsb2cuZHJfdGVzdF9yYXcucmF3X2RhdGEiKQoKIyBUcmFuc2Zvcm1hdGlvbiAoZS5nLiwgZmlsdGVyIHZhbHVlcyBncmVhdGVyIHRoYW4gNTApCmRmX3NpbHZlciA9IGRmX3Jhdy5maWx0ZXIoZGZfcmF3LnZhbHVlID4gNTApCgojIFdyaXRlIHRvIHNpbHZlciB0YWJsZQpkZl9zaWx2ZXIud3JpdGUubW9kZSgib3ZlcndyaXRlIikuc2F2ZUFzVGFibGUoImRyX3Rlc3RfY2F0YWxvZy5kcl90ZXN0X3NpbHZlci5zaWx2ZXJfZGF0YSIpCg==",
            "format": "SOURCE",
            "id": "/Workspace/TransformToSilver",
            "language": "PYTHON",
            "md5": "8bfe51fc238cd10d1801a16d372fdc93",
            "object_id": 3992197245758878,
            "object_type": "NOTEBOOK",
            "path": "/Workspace/TransformToSilver",
            "source": null,
            "url": "https://adb-1787998144131797.17.azuredatabricks.net/#workspace/Workspace/TransformToSilver"
          },
          "sensitive_attributes": [],
          "private": "eyJzY2hlbWFfdmVyc2lvbiI6IjEifQ==",
          "dependencies": [
            "azurerm_databricks_workspace.dr_test_central_databricks",
            "azurerm_resource_group.dr_test_central_us"
          ]
        }
      ]
    },
    {
      "mode": "managed",
      "type": "databricks_schema",
      "name": "dr_test_gold",
      "provider": "provider[\"registry.terraform.io/databricks/databricks\"].workspace",
      "instances": [
        {
          "schema_version": 0,
          "attributes": {
            "catalog_name": "dr_test_catalog",
            "comment": "Schema for gold data",
            "enable_predictive_optimization": "INHERIT",
            "force_destroy": false,
            "id": "dr_test_catalog.dr_test_gold",
            "metastore_id": "c57d1e2b-bd6a-4f23-9a3a-ec24dfd86d83",
            "name": "dr_test_gold",
            "owner": "mohit.singh@databricks.com",
            "properties": null,
            "storage_root": null
          },
          "sensitive_attributes": [],
          "private": "bnVsbA==",
          "dependencies": [
            "azurerm_databricks_access_connector.dr_test_central_connector",
            "azurerm_databricks_workspace.dr_test_central_databricks",
            "azurerm_resource_group.dr_test_central_us",
            "azurerm_storage_account.dr_test_central_storage",
            "azurerm_storage_container.dr_test_central_external",
            "databricks_catalog.dr_test_catalog",
            "databricks_external_location.dr_central_external_location",
            "databricks_metastore.dr_central_metastore",
            "databricks_metastore_assignment.dr_central_metastore_assignment",
            "databricks_storage_credential.dr_central_storage_credential"
          ]
        }
      ]
    },
    {
      "mode": "managed",
      "type": "databricks_schema",
      "name": "dr_test_raw",
      "provider": "provider[\"registry.terraform.io/databricks/databricks\"].workspace",
      "instances": [
        {
          "schema_version": 0,
          "attributes": {
            "catalog_name": "dr_test_catalog",
            "comment": "Schema for raw data",
            "enable_predictive_optimization": "INHERIT",
            "force_destroy": false,
            "id": "dr_test_catalog.dr_test_raw",
            "metastore_id": "c57d1e2b-bd6a-4f23-9a3a-ec24dfd86d83",
            "name": "dr_test_raw",
            "owner": "mohit.singh@databricks.com",
            "properties": null,
            "storage_root": null
          },
          "sensitive_attributes": [],
          "private": "bnVsbA==",
          "dependencies": [
            "azurerm_databricks_access_connector.dr_test_central_connector",
            "azurerm_databricks_workspace.dr_test_central_databricks",
            "azurerm_resource_group.dr_test_central_us",
            "azurerm_storage_account.dr_test_central_storage",
            "azurerm_storage_container.dr_test_central_external",
            "databricks_catalog.dr_test_catalog",
            "databricks_external_location.dr_central_external_location",
            "databricks_metastore.dr_central_metastore",
            "databricks_metastore_assignment.dr_central_metastore_assignment",
            "databricks_storage_credential.dr_central_storage_credential"
          ]
        }
      ]
    },
    {
      "mode": "managed",
      "type": "databricks_schema",
      "name": "dr_test_silver",
      "provider": "provider[\"registry.terraform.io/databricks/databricks\"].workspace",
      "instances": [
        {
          "schema_version": 0,
          "attributes": {
            "catalog_name": "dr_test_catalog",
            "comment": "Schema for silver data",
            "enable_predictive_optimization": "INHERIT",
            "force_destroy": false,
            "id": "dr_test_catalog.dr_test_silver",
            "metastore_id": "c57d1e2b-bd6a-4f23-9a3a-ec24dfd86d83",
            "name": "dr_test_silver",
            "owner": "mohit.singh@databricks.com",
            "properties": null,
            "storage_root": null
          },
          "sensitive_attributes": [],
          "private": "bnVsbA==",
          "dependencies": [
            "azurerm_databricks_access_connector.dr_test_central_connector",
            "azurerm_databricks_workspace.dr_test_central_databricks",
            "azurerm_resource_group.dr_test_central_us",
            "azurerm_storage_account.dr_test_central_storage",
            "azurerm_storage_container.dr_test_central_external",
            "databricks_catalog.dr_test_catalog",
            "databricks_external_location.dr_central_external_location",
            "databricks_metastore.dr_central_metastore",
            "databricks_metastore_assignment.dr_central_metastore_assignment",
            "databricks_storage_credential.dr_central_storage_credential"
          ]
        }
      ]
    },
    {
      "mode": "managed",
      "type": "databricks_storage_credential",
      "name": "dr_central_storage_credential",
      "provider": "provider[\"registry.terraform.io/databricks/databricks\"].workspace",
      "instances": [
        {
          "schema_version": 0,
          "attributes": {
            "aws_iam_role": [],
            "azure_managed_identity": [
              {
                "access_connector_id": "/subscriptions/edd4cc45-85c7-4aec-8bf5-648062d519bf/resourceGroups/dr_test_central_us/providers/Microsoft.Databricks/accessConnectors/dr_test_central_connector",
                "credential_id": "9e4f518d-5840-4e2f-bd92-d45550a0c72b",
                "managed_identity_id": ""
              }
            ],
            "azure_service_principal": [],
            "comment": "Managed identity for storage access",
            "databricks_gcp_service_account": [],
            "force_destroy": null,
            "force_update": null,
            "gcp_service_account_key": [],
            "id": "dr_central_storage_credential",
            "isolation_mode": "ISOLATION_MODE_OPEN",
            "metastore_id": "c57d1e2b-bd6a-4f23-9a3a-ec24dfd86d83",
            "name": "dr_central_storage_credential",
            "owner": "mohit.singh@databricks.com",
            "read_only": false,
            "skip_validation": null,
            "storage_credential_id": "b8f9bf89-8308-425e-9bd6-805b3d591feb"
          },
          "sensitive_attributes": [],
          "private": "bnVsbA==",
          "dependencies": [
            "azurerm_databricks_access_connector.dr_test_central_connector",
            "azurerm_databricks_workspace.dr_test_central_databricks",
            "azurerm_resource_group.dr_test_central_us",
            "databricks_metastore.dr_central_metastore",
            "databricks_metastore_assignment.dr_central_metastore_assignment"
          ]
        }
      ]
    }
  ],
  "check_results": null
}
